
Microsoft Visual Studio Solution File, Format Version 12.00
# Visual Studio Version 16
VisualStudioVersion = 16.0.31205.134
MinimumVisualStudioVersion = 10.0.40219.1
Project("{FAE04EC0-301F-11D3-BF4B-00C04F79EFBC}") = "BlazorUI", "BlazorUI\BlazorUI.csproj", "{0A183826-788B-465D-8B44-E0E0A31FB671}"
EndProject
Project("{FAE04EC0-301F-11D3-BF4B-00C04F79EFBC}") = "Example", "Example\Example.csproj", "{1ACD6806-F2A3-4973-AC7F-A2EAEB1C0B30}"
EndProject
Project("{FAE04EC0-301F-11D3-BF4B-00C04F79EFBC}") = "DemoApi", "DemoApi\DemoApi.csproj", "{4198C0F9-0DE3-4762-8152-A9DA1178D546}"
EndProject
Global
	GlobalSection(SolutionConfigurationPlatforms) = preSolution
		Debug|Any CPU = Debug|Any CPU
		Release|Any CPU = Release|Any CPU
	EndGlobalSection
	GlobalSection(ProjectConfigurationPlatforms) = postSolution
		{0A183826-788B-465D-8B44-E0E0A31FB671}.Debug|Any CPU.ActiveCfg = Debug|Any CPU
		{0A183826-788B-465D-8B44-E0E0A31FB671}.Debug|Any CPU.Build.0 = Debug|Any CPU
		{0A183826-788B-465D-8B44-E0E0A31FB671}.Release|Any CPU.ActiveCfg = Release|Any CPU
		{0A183826-788B-465D-8B44-E0E0A31FB671}.Release|Any CPU.Build.0 = Release|Any CPU
		{1ACD6806-F2A3-4973-AC7F-A2EAEB1C0B30}.Debug|Any CPU.ActiveCfg = Debug|Any CPU
		{1ACD6806-F2A3-4973-AC7F-A2EAEB1C0B30}.Debug|Any CPU.Build.0 = Debug|Any CPU
		{1ACD6806-F2A3-4973-AC7F-A2EAEB1C0B30}.Release|Any CPU.ActiveCfg = Release|Any CPU
		{1ACD6806-F2A3-4973-AC7F-A2EAEB1C0B30}.Release|Any CPU.Build.0 = Release|Any CPU
		{4198C0F9-0DE3-4762-8152-A9DA1178D546}.Debug|Any CPU.ActiveCfg = Debug|Any CPU
		{4198C0F9-0DE3-4762-8152-A9DA1178D546}.Debug|Any CPU.Build.0 = Debug|Any CPU
		{4198C0F9-0DE3-4762-8152-A9DA1178D546}.Release|Any CPU.ActiveCfg = Release|Any CPU
		{4198C0F9-0DE3-4762-8152-A9DA1178D546}.Release|Any CPU.Build.0 = Release|Any CPU
	EndGlobalSection
	GlobalSection(SolutionProperties) = preSolution
		HideSolutionNode = FALSE
	EndGlobalSection
	GlobalSection(ExtensibilityGlobals) = postSolution
		SolutionGuid = {5A989C51-05B7-4F0F-AB5F-7516C599ECA1}
	EndGlobalSection
EndGlobal
